
Microsoft Visual Studio Solution File, Format Version 12.00
# Visual Studio Version 17
VisualStudioVersion = 17.5.33530.505
MinimumVisualStudioVersion = 10.0.40219.1
Project("{FAE04EC0-301F-11D3-BF4B-00C04F79EFBC}") = "Versioning-Api", "Versioning-Api\Versioning-Api.csproj", "{601098DB-7E65-4239-8149-C919E4D0BE9A}"
EndProject
Global
	GlobalSection(SolutionConfigurationPlatforms) = preSolution
		Debug|Any CPU = Debug|Any CPU
		Release|Any CPU = Release|Any CPU
	EndGlobalSection
	GlobalSection(ProjectConfigurationPlatforms) = postSolution
		{601098DB-7E65-4239-8149-C919E4D0BE9A}.Debug|Any CPU.ActiveCfg = Debug|Any CPU
		{601098DB-7E65-4239-8149-C919E4D0BE9A}.Debug|Any CPU.Build.0 = Debug|Any CPU
		{601098DB-7E65-4239-8149-C919E4D0BE9A}.Release|Any CPU.ActiveCfg = Release|Any CPU
		{601098DB-7E65-4239-8149-C919E4D0BE9A}.Release|Any CPU.Build.0 = Release|Any CPU
	EndGlobalSection
	GlobalSection(SolutionProperties) = preSolution
		HideSolutionNode = FALSE
	EndGlobalSection
	GlobalSection(ExtensibilityGlobals) = postSolution
		SolutionGuid = {B2E7B48C-58D2-4FE2-9585-16E71D86C1F4}
	EndGlobalSection
EndGlobal
